version = 1
revision = 3
requires-python = ">=3.14"

[[package]]
name = "certifi"
version = "2024.12.14"
source = { registry = "https://pypi.org/simple" }
sdist = { url = "https://files.pythonhosted.org/packages/0f/bd/1d41ee578ce09523c81a15426705dd20969f5abf006d1afe8aeff0dd776a/certifi-2024.12.14.tar.gz", hash = "sha256:b650d30f370c2b724812bee08008be0c4163b163ddaec3f2546c1caf65f191db", size = 166010, upload-time = "2024-12-14T13:52:38.02Z" }
wheels = [
    { url = "https://files.pythonhosted.org/packages/a5/32/8f6669fc4798494966bf446c8c4a162e0b5d893dff088afddf76414f70e1/certifi-2024.12.14-py3-none-any.whl", hash = "sha256:1275f7a45be9464efc1173084eaa30f866fe2e47d389406136d332ed4967ec56", size = 164927, upload-time = "2024-12-14T13:52:36.114Z" },
]

[[package]]
name = "charset-normalizer"
version = "3.4.0"
source = { registry = "https://pypi.org/simple" }
sdist = { url = "https://files.pythonhosted.org/packages/f2/4f/e1808dc01273379acc506d18f1504eb2d299bd4131743b9fc54d7be4df1e/charset_normalizer-3.4.0.tar.gz", hash = "sha256:223217c3d4f82c3ac5e29032b3f1c2eb0fb591b72161f86d93f5719079dae93e", size = 106620, upload-time = "2024-10-09T07:40:20.413Z" }
wheels = [
    { url = "https://files.pythonhosted.org/packages/bf/9b/08c0432272d77b04803958a4598a51e2a4b51c06640af8b8f0f908c18bf2/charset_normalizer-3.4.0-py3-none-any.whl", hash = "sha256:fe9f97feb71aa9896b81973a7bbada8c49501dc73e58a10fcef6663af95e5079", size = 49446, upload-time = "2024-10-09T07:40:19.383Z" },
]

[[package]]
name = "colorama"
version = "0.4.6"
source = { registry = "https://pypi.org/simple" }
sdist = { url = "https://files.pythonhosted.org/packages/d8/53/6f443c9a4a8358a93a6792e2acffb9d9d5cb0a5cfd8802644b7b1c9a02e4/colorama-0.4.6.tar.gz", hash = "sha256:08695f5cb7ed6e0531a20572697297273c47b8cae5a63ffc6d6ed5c201be6e44", size = 27697, upload-time = "2022-10-25T02:36:22.414Z" }
wheels = [
    { url = "https://files.pythonhosted.org/packages/d1/d6/3965ed04c63042e047cb6a3e6ed1a63a35087b6a609aa3a15ed8ac56c221/colorama-0.4.6-py2.py3-none-any.whl", hash = "sha256:4f1d9991f5acc0ca119f9d443620b77f9d6b33703e51011c16baf57afb285fc6", size = 25335, upload-time = "2022-10-25T02:36:20.889Z" },
]

[[package]]
name = "horizon-analyzer"
version = "0.1.0"
source = { virtual = "." }
dependencies = [
    { name = "polars" },
    { name = "pypdfium2" },
    { name = "requests" },
    { name = "thefuzz" },
    { name = "tqdm" },
]

[package.metadata]
requires-dist = [
    { name = "polars", specifier = ">=1.44.2" },
    { name = "pypdfium2", specifier = ">=5.13.0" },
    { name = "requests", specifier = ">=2.32.3" },
    { name = "thefuzz", specifier = ">=0.22.1" },
    { name = "tqdm", specifier = ">=4.67.1" },
]

[[package]]
name = "idna"
version = "3.10"
source = { registry = "https://pypi.org/simple" }
sdist = { url = "https://files.pythonhosted.org/packages/f1/70/7703c29685631f5a7590aa73f1f1d3fa9a380e654b86af429e0934a32f7d/idna-3.10.tar.gz", hash = "sha256:12f65c9b470abda6dc35cf8e63cc574b1c52b11df2c86030af0ac09b01b13ea9", size = 190490, upload-time = "2024-09-15T18:07:39.745Z" }
wheels = [
    { url = "https://files.pythonhosted.org/packages/76/c6/c88e154df9c4e1a2a66ccf0005a88dfb2650c1dffb6f5ce603dfbd452ce3/idna-3.10-py3-none-any.whl", hash = "sha256:946d195a0d259cbba61165e88e65941f16e9b36ea6ddb97f00452bae8b1287d3", size = 70442, upload-time = "2024-09-15T18:07:37.964Z" },
]

[[package]]
name = "polars"
version = "1.44.2"
source = { registry = "https://pypi.org/simple" }
dependencies = [
    { name = "polars-runtime-32" },
]
sdist = { url = "https://files.pythonhosted.org/packages/a4/15/e8541eefc22fbc7ca89bcb5112298a153729f73cfbc0cf6a668e509f975c/polars-1.44.2.tar.gz", hash = "sha256:86c8e26b6c2de8c8d344bb910b74dfc47b118ac3fe0f19b44909467990a0b281", size = 766272, upload-time = "2026-09-09T07:42:08.859Z" }
wheels = [
    { url = "https://files.pythonhosted.org/packages/51/6d/3014112c7f717d1253223faa13b6db3ac3a64ed00ab2a3bc1b942bc9cdd4/polars-1.44.2-py3-none-any.whl", hash = "sha256:1bb331f17a40d9d931101533dcd33637b66edc61eb377b07020dac16a0f0377b", size = 865768, upload-time = "2026-09-09T07:40:12.053Z" },
]

[[package]]
name = "polars-runtime-32"
version = "1.44.2"
source = { registry = "https://pypi.org/simple" }
sdist = { url = "https://files.pythonhosted.org/packages/d4/a1/a7eace6587b56f22cf2a21ab4d5e695db372dc23fd96accb68b1ec12660b/polars_runtime_32-1.44.2.tar.gz", hash = "sha256:b84842f7d621aaca7a52e165e19a24f89db45f8aa13744941430218419a14a67", size = 3172205, upload-time = "2026-09-09T07:42:10.851Z" }
wheels = [
    { url = "https://files.pythonhosted.org/packages/99/5b/a5215f82c3dd443dc5d6911b0d3e937f97056e0ef7753f7e123422481a18/polars_runtime_32-1.44.2-cp310-abi3-macosx_10_12_x86_64.whl", hash = "sha256:1fd536720668ba203a16a20b08cd6b23057e407a0279cf36b2f35f879d6e3208", size = 48334014, upload-time = "2026-09-09T07:40:16.43Z" },
    { url = "https://files.pythonhosted.org/packages/c2/e0/f3dc93fce4b4e99370db6a89001a1b8d3c606e3560d0d91dda809d6c6324/polars_runtime_32-1.44.2-cp310-abi3-macosx_11_0_arm64.whl", hash = "sha256:e0fd43720c8222ae39919c8ff891636d53b352706087120e62f83544dd3ff782", size = 43331099, upload-time = "2026-09-09T07:40:21.029Z" },
    { url = "https://files.pythonhosted.org/packages/4e/4f/076626ce93ddd622203c4b27be2a96d034cf5b24110c52e96e6029f0ea33/polars_runtime_32-1.44.2-cp310-abi3-manylinux_2_17_aarch64.manylinux2014_aarch64.whl", hash = "sha256:bbf9b45040291dc1c6c588c837019c33557bde25ec536562a9cca9e1f6dfcc45", size = 46590853, upload-time = "2026-09-09T07:40:24.934Z" },
    { url = "https://files.pythonhosted.org/packages/e9/24/ed9982657c446dd5491b089370eea196725673570cfc61f7225a9fdd7ef0/polars_runtime_32-1.44.2-cp310-abi3-manylinux_2_17_x86_64.manylinux2014_x86_64.whl", hash = "sha256:a1bafb441e99199a62c63bf1bbdc0ea09ee9776dbac2bf31452b5000fb1df2f7", size = 49912258, upload-time = "2026-09-09T07:40:29.238Z" },
    { url = "https://files.pythonhosted.org/packages/71/42/5490ab360aa2406119825ad82203a5e2ff27a3a5893ca8e0b93c053a59a3/polars_runtime_32-1.44.2-cp310-abi3-musllinux_1_2_aarch64.whl", hash = "sha256:10c0c695a418407617b5159db7d9a21074a733e4c6d61275b6762f25cb31ca99", size = 46737310, upload-time = "2026-09-09T07:40:33.143Z" },
    { url = "https://files.pythonhosted.org/packages/06/8f/d741afb1dcd1848161189e017d27972e7e78556d8dce66b94d4235093706/polars_runtime_32-1.44.2-cp310-abi3-musllinux_1_2_x86_64.whl", hash = "sha256:c4a09fb14aad711526346efc0cb2015c2fd0555ce4118b6524e5debbaea65ff5", size = 49887654, upload-time = "2026-09-09T07:40:37.455Z" },
    { url = "https://files.pythonhosted.org/packages/ba/e7/c61c1c7eea37705920fe7c1302d1dd80d1165db2b928f0da3eae6d1ebb75/polars_runtime_32-1.44.2-cp310-abi3-win_amd64.whl", hash = "sha256:8598e7a20efba70bb74978c7df7af7c606ff4d79b9b48fdd808250b189bc9a13", size = 51297967, upload-time = "2026-09-09T07:40:41.993Z" },
    { url = "https://files.pythonhosted.org/packages/e7/a0/d0dd0d2ec95fa328dd47055905fae53ba3cd79f11c8973326ebe75a49e4c/polars_runtime_32-1.44.2-cp310-abi3-win_arm64.whl", hash = "sha256:d51040d3ab40157f6db3c62be59cab5b80fb3c8d158924769c4982a1c8eef730", size = 44303345, upload-time = "2026-09-09T07:40:47.081Z" },
]

[[package]]
name = "pypdfium2"
version = "5.13.0"
source = { registry = "https://pypi.org/simple" }
sdist = { url = "https://files.pythonhosted.org/packages/ec/78/a52cb80611339ec95f35c7a10d7bfe7a6f97f3b50a35a9f94283d062512e/pypdfium2-5.13.0.tar.gz", hash = "sha256:7ca2d8e31bd8d0d40c496416b7d8bea423388669ffd494929f50e8c3a82326b8", size = 273639, upload-time = "2026-08-13T10:58:15.837Z" }
wheels = [
    { url = "https://files.pythonhosted.org/packages/7c/9c/a49050af85055054299c7fab658ac63f8fddde575774aecbf8f71c7a9e5f/pypdfium2-5.13.0-py3-none-android_23_arm64_v8a.whl", hash = "sha256:882f4bbd4b17a335b43603169a14cde9341de12b238acd5c39e690cbca7c4293", size = 3417299, upload-time = "2026-08-13T10:57:40.522Z" },
    { url = "https://files.pythonhosted.org/packages/50/ad/f23027328843ee2bdd05afe16bb101f5906befd0c70de35fa8c53f60a5ff/pypdfium2-5.13.0-py3-none-android_23_armeabi_v7a.whl", hash = "sha256:d96929bde3bd64c771ab3558ca1ffd7704cc4d872ab92cd9f8f8b8a20f7f36b8", size = 2864708, upload-time = "2026-08-13T10:57:42.259Z" },
    { url = "https://files.pythonhosted.org/packages/08/99/1fe58428b69d2722dcbcfaa08ce71834a332c5b518fd58874bcef936b823/pypdfium2-5.13.0-py3-none-macosx_13_0_arm64.whl", hash = "sha256:da5c7b74eebf40b5c1fbe1de01aa1edc8827a79fb1efd999616bc20dcaf77ba4", size = 3507415, upload-time = "2026-08-13T10:57:43.978Z" },
    { url = "https://files.pythonhosted.org/packages/9f/41/06e26da88a4f5b4ed289325868717a186020661b7b221aa6df622711d31b/pypdfium2-5.13.0-py3-none-macosx_13_0_x86_64.whl", hash = "sha256:2abedfb5c70992b19c780ed58d7f7b929e8ce8ee52c9140158f44317c90ec6c7", size = 3670979, upload-time = "2026-08-13T10:57:45.607Z" },
    { url = "https://files.pythonhosted.org/packages/fe/31/f8210d53775f142be934336665b1d60e800c3f176f28c29b4908d945c518/pypdfium2-5.13.0-py3-none-manylinux_2_17_aarch64.manylinux2014_aarch64.whl", hash = "sha256:9ee8c2bb2e68b396ab4a763215ac100dacb6b96d0da5bebeb239a021aecc3a7e", size = 3676486, upload-time = "2026-08-13T10:57:47.267Z" },
    { url = "https://files.pythonhosted.org/packages/94/50/d339fa09fbe592564b100bfc76833170a1104a764a458ac2abfffcb632f2/pypdfium2-5.13.0-py3-none-manylinux_2_17_armv7l.manylinux2014_armv7l.whl", hash = "sha256:07f58e91b8c45ca144a1ff3008faf3c73ef8a5e9fb32988831788363288228cd", size = 3400883, upload-time = "2026-08-13T10:57:49.189Z" },
    { url = "https://files.pythonhosted.org/packages/c3/e0/b10cf41b5e9f0212d014c40635659c6ab95bb4fcc6fc47f5d3c571f8d57f/pypdfium2-5.13.0-py3-none-manylinux_2_17_i686.manylinux2014_i686.whl", hash = "sha256:46b2f5be9e7ae941ee4216e3d20b66f9dc3d81944a3d57756272de5275204709", size = 3803912, upload-time = "2026-08-13T10:57:50.865Z" },
    { url = "https://files.pythonhosted.org/packages/a7/d8/25ba4ce9a9059ece82f4514df0658fde0aa9bbeafe135e76017c052bf56f/pypdfium2-5.13.0-py3-none-manylinux_2_17_ppc64le.manylinux2014_ppc64le.whl", hash = "sha256:d96beb7f379e6c76d874ca93fcd182ac3168dd499056407070f9927fb1061b8e", size = 4218231, upload-time = "2026-08-13T10:57:52.525Z" },
    { url = "https://files.pythonhosted.org/packages/d3/7c/74a2fb48e5b0d2402d9ca64b39074c722d67e9a8a2c58449a843a8c2329a/pypdfium2-5.13.0-py3-none-manylinux_2_17_x86_64.manylinux2014_x86_64.whl", hash = "sha256:81df25c1ab4c13ff773102d3cbea1967511d079123b067fc077bd0c4d57d91d8", size = 3730077, upload-time = "2026-08-13T10:57:54.021Z" },
    { url = "https://files.pythonhosted.org/packages/59/12/8c922f00518c26dc47d3676cc09c1d3c95e991c1977e31067d23cc2215cb/pypdfium2-5.13.0-py3-none-manylinux_2_27_s390x.manylinux_2_28_s390x.whl", hash = "sha256:d66a32d89fa5b4a2715810171239eb194df4aba604727483ab760512f3c6a851", size = 4031512, upload-time = "2026-08-13T10:57:55.736Z" },
    { url = "https://files.pythonhosted.org/packages/c6/48/a171d034c2dac01adcc57d3dad3c97ba11f19d916f421176002c9e02c904/pypdfium2-5.13.0-py3-none-manylinux_2_34_riscv64.manylinux_2_39_riscv64.whl", hash = "sha256:b90b0a5ac310bb34db8eb848e58fcab4e201e124e3cf3cb1ccb7b85293e034af", size = 3995485, upload-time = "2026-08-13T10:57:57.39Z" },
    { url = "https://files.pythonhosted.org/packages/36/2e/dcb24776d409bb9e5b7fb26a0c62a87b98ab0e30dfcca645eaf31e35123b/pypdfium2-5.13.0-py3-none-musllinux_1_2_aarch64.whl", hash = "sha256:ada81c36483cd61d07e32bc7814620ee96256b4f421b913f566861bf91800248", size = 5016636, upload-time = "2026-08-13T10:57:59.181Z" },
    { url = "https://files.pythonhosted.org/packages/93/24/1fab8470fc6de6f4481f009c90757b1a1ee0a61d8e864ed273f72ffca855/pypdfium2-5.13.0-py3-none-musllinux_1_2_armv7l.whl", hash = "sha256:3826e521e895648983cb9ee6b934d4bf51552600043984f84e9c2b3b14b696f3", size = 4555251, upload-time = "2026-08-13T10:58:00.753Z" },
    { url = "https://files.pythonhosted.org/packages/cd/ef/6e8dbea1eddcb55cf34172753ffccd39566333c803cc94d43c653f369f2f/pypdfium2-5.13.0-py3-none-musllinux_1_2_i686.whl", hash = "sha256:5c029d7163a91f264eafab51fb442a84a33efd9fd83d5a06c0136a7857a3cc8d", size = 5263483, upload-time = "2026-08-13T10:58:02.48Z" },
    { url = "https://files.pythonhosted.org/packages/53/fe/2ff673730189a621c01f9193c74b0f6aa70d8740889fdf11949e1c541869/pypdfium2-5.13.0-py3-none-musllinux_1_2_ppc64le.whl", hash = "sha256:be2dccbde0ce7efe334ecd8f348df4308db360756ede4f0821d82dfc9a58caa8", size = 5144135, upload-time = "2026-08-13T10:58:04.351Z" },
    { url = "https://files.pythonhosted.org/packages/19/0b/759b9037c007317fa5c990dd3f6eff2b99d3fbced251d1e2512be92f2e2e/pypdfium2-5.13.0-py3-none-musllinux_1_2_riscv64.whl", hash = "sha256:bcd81394fe101405e026eedb3e40bef84635c1e5d974dd6036420eb6937753c6", size = 4648156, upload-time = "2026-08-13T10:58:06.036Z" },
    { url = "https://files.pythonhosted.org/packages/db/3b/ffe29679c52efe8eb02d77aa6656e6d6201395423329af018ebd5923a3d0/pypdfium2-5.13.0-py3-none-musllinux_1_2_s390x.whl", hash = "sha256:2ed32ff685f8e05e637c990bedbf5fca66727bf27718d8bc33eeab21ce0630d1", size = 5089852, upload-time = "2026-08-13T10:58:07.791Z" },
    { url = "https://files.pythonhosted.org/packages/7b/b6/cebacc1601ddfdcd1e6a1dc321533d215ceccf9b825fa9b91b11c6dc39fb/pypdfium2-5.13.0-py3-none-musllinux_1_2_x86_64.whl", hash = "sha256:9c777edba28d1d5fd15435ed3a78ee2fdb93dd069be37cb53b559bc122793770", size = 5074153, upload-time = "2026-08-13T10:58:09.396Z" },
    { url = "https://files.pythonhosted.org/packages/54/40/cf14c4f534f817788966857afdedb90002198dca5ce4fe2c6ecb031955ae/pypdfium2-5.13.0-py3-none-win32.whl", hash = "sha256:d33ee7077db67478b75efe4b5ea9610fb96c5416a0bc4949227f0f59c34dfcd9", size = 3753164, upload-time = "2026-08-13T10:58:10.97Z" },
    { url = "https://files.pythonhosted.org/packages/5d/99/a37b6b902457569468ed5908c94e56cb6c4032541f02cf89f723d42a9148/pypdfium2-5.13.0-py3-none-win_amd64.whl", hash = "sha256:47dcca2a8d507b5fd24f94c3c9d48fb379430f097bc20f01beff6c963ffbcedb", size = 3885553, upload-time = "2026-08-13T10:58:12.709Z" },
    { url = "https://files.pythonhosted.org/packages/50/7f/d39f6e64375c2ffd50ea100e3c73af79085c880c2791eb7203bc61d8913f/pypdfium2-5.13.0-py3-none-win_arm64.whl", hash = "sha256:554a0b23376460af1410e3c915906895e2dac67a086b9e6ccde0643a795d3b0d", size = 3700026, upload-time = "2026-08-13T10:58:14.206Z" },
]

[[package]]
name = "rapidfuzz"
version = "3.14.6"
source = { registry = "https://pypi.org/simple" }
sdist = { url = "https://files.pythonhosted.org/packages/18/97/226c43b7b5d957bc3840ed52ea99eed261f99834c4619be7a4742cbaeafa/rapidfuzz-3.14.6.tar.gz", hash = "sha256:e13a8160d017b499ec7a2fa9d0ce1ae2e7377080815785819f966fb235d4eb60", size = 57955060, upload-time = "2026-08-30T21:45:51.097Z" }
wheels = [
    { url = "https://files.pythonhosted.org/packages/67/9e/8f862d2c8d80ee02633f1c9ce3e5121ce955e61efae24a61a05dd8a55fef/rapidfuzz-3.14.6-cp314-cp314-macosx_10_15_x86_64.whl", hash = "sha256:0f8d6718e7edacdb16455c0472e7552fd518decb91e91250c58784fd6163f54f", size = 1964420, upload-time = "2026-08-30T21:43:26.328Z" },
    { url = "https://files.pythonhosted.org/packages/3e/28/282e8c76b7dcc91e8f5aa1a594168d2136639f29dfda11384c6d36aabca0/rapidfuzz-3.14.6-cp314-cp314-macosx_11_0_arm64.whl", hash = "sha256:8fa7d45388dec34a86038f2a38380f4922b74b5dd8991247f629a531178db10f", size = 1246072, upload-time = "2026-08-30T21:43:28.475Z" },
    { url = "https://files.pythonhosted.org/packages/4b/ae/8e0f714c55180667d66346e46a3d680dd9809bcee1c5f03557a58b4f2ef6/rapidfuzz-3.14.6-cp314-cp314-manylinux_2_26_aarch64.manylinux_2_28_aarch64.whl", hash = "sha256:760ee152af5e8b4d241a469f933ba2d7215248618ae19770fec7d80d9e149db6", size = 1381829, upload-time = "2026-08-30T21:43:30.67Z" },
    { url = "https://files.pythonhosted.org/packages/eb/9a/4a106d68033a81c24ab71129e3016cc6a27a668f30f436e729cae79048e5/rapidfuzz-3.14.6-cp314-cp314-manylinux_2_26_ppc64le.manylinux_2_28_ppc64le.whl", hash = "sha256:dbe3378db3ae0453accf6196e2ed943f43d416cfacdcb8883db105bc14a0130f", size = 1676195, upload-time = "2026-08-30T21:43:32.862Z" },
    { url = "https://files.pythonhosted.org/packages/6e/f0/b456a74d8e33051b76b3f156cf4d55f717614d68b44b6312ae1f5d85b31d/rapidfuzz-3.14.6-cp314-cp314-manylinux_2_26_s390x.manylinux_2_28_s390x.whl", hash = "sha256:9ddb0ddf3ee616fdc066add4ef05639c5cf59b58d83779b6023488e5435f6191", size = 2714364, upload-time = "2026-08-30T21:43:35.003Z" },
    { url = "https://files.pythonhosted.org/packages/6d/56/1203b46cedefc3f0c16e10d87123fdd4ec0f2e209f65cd2bf221ec669217/rapidfuzz-3.14.6-cp314-cp314-manylinux_2_27_x86_64.manylinux_2_28_x86_64.whl", hash = "sha256:08bc63b88048376114d1e66cf8fa6926495d03bb873eb87854fa74cf6848a70b", size = 3167618, upload-time = "2026-08-30T21:43:37.625Z" },
    { url = "https://files.pythonhosted.org/packages/57/17/fa4a0853979b885ff27488d9b80e7c5c985dfed74c5021ea95a3b54ddfad/rapidfuzz-3.14.6-cp314-cp314-manylinux_2_39_riscv64.whl", hash = "sha256:50cd6718bcda7ec5293635a9d0b3fb5906251013d3b99ca403ba9dfa8965f661", size = 1471360, upload-time = "2026-08-30T21:43:39.852Z" },
    { url = "https://files.pythonhosted.org/packages/7d/f2/757615ab88f7922b4477f9c93356c4512d744ea042e3e2b41554aab5ec1e/rapidfuzz-3.14.6-cp314-cp314-musllinux_1_2_aarch64.whl", hash = "sha256:63b0e84faec3c5706cae8ae51246ff103407d54efa32a615a548b7b67392ebcf", size = 2403946, upload-time = "2026-08-30T21:43:42.038Z" },
    { url = "https://files.pythonhosted.org/packages/8f/c3/1c2670ff528f7e625d7b552e7ebccd5c4dfdcb84dc08ee85d1bcc0cf1465/rapidfuzz-3.14.6-cp314-cp314-musllinux_1_2_ppc64le.whl", hash = "sha256:9080a730fdcf3cb8a07464c90f9cf40c1b4ffc73a8375b56a8898aba619dda30", size = 2793123, upload-time = "2026-08-30T21:43:44.438Z" },
    { url = "https://files.pythonhosted.org/packages/5d/92/a01444687bb9a5a2679aa71325c227760e9c475cd02054b45fd8b219cb0c/rapidfuzz-3.14.6-cp314-cp314-musllinux_1_2_riscv64.whl", hash = "sha256:178557c7a50c8c8d65369ede7f3d845bf23590a951c9a368caf166b105d58cf3", size = 2507361, upload-time = "2026-08-30T21:43:46.568Z" },
    { url = "https://files.pythonhosted.org/packages/98/90/43d80ba73fd297c744f7fe0a949af2a610b4b9be96688799c3e73d002b13/rapidfuzz-3.14.6-cp314-cp314-musllinux_1_2_s390x.whl", hash = "sha256:44f1cddbc2010700e2d88063d0ab64183efe2578d9b52770ce1cd283dda230c5", size = 3304287, upload-time = "2026-08-30T21:43:48.966Z" },
    { url = "https://files.pythonhosted.org/packages/5d/e9/fd9a160699b72b6857551642fe109a1d0a86b06b7ecc0d2b4bbecbc6b61b/rapidfuzz-3.14.6-cp314-cp314-musllinux_1_2_x86_64.whl", hash = "sha256:17081a0e904c12bb4ed49619a2bbb6528f6af00fe850e7ace22487bfd2aea455", size = 4273338, upload-time = "2026-08-30T21:43:51.574Z" },
    { url = "https://files.pythonhosted.org/packages/d0/72/3bc42217fadd07ea0ff9d249cc8001d6f285197c253db95d3a03aac8c254/rapidfuzz-3.14.6-cp314-cp314-win32.whl", hash = "sha256:9e00c8c9500aacbc0c52b66369f54533ecbdcb92e5aa87e160fc8e293000a696", size = 1927357, upload-time = "2026-08-30T21:43:53.851Z" },
    { url = "https://files.pythonhosted.org/packages/57/8d/3ea3bf93a2f22858e1b1298126db35cbf58592d05571ca757f2f16071b17/rapidfuzz-3.14.6-cp314-cp314-win_amd64.whl", hash = "sha256:41ee893c4d7d0fb1844f6cad966540a833784b3bad2c239a0d80195d9231cef4", size = 1783090, upload-time = "2026-08-30T21:43:56.202Z" },
    { url = "https://files.pythonhosted.org/packages/13/17/4add9d94236b37b6f857a3bf34d696b32304e3debc6830584fda95413ac6/rapidfuzz-3.14.6-cp314-cp314-win_arm64.whl", hash = "sha256:10576c39fe6a49fad0bf1069371a77300ce166a3f36d2900d2d0bae08f297104", size = 1221915, upload-time = "2026-08-30T21:43:58.335Z" },
    { url = "https://files.pythonhosted.org/packages/23/a4/af0509bffac37645841e2a6b55a4c6c46f7b2fc0757610b0cba0cbcfa900/rapidfuzz-3.14.6-cp314-cp314t-macosx_10_15_x86_64.whl", hash = "sha256:1b0a9546a7328d3cfc2f1385501db7c4c374fb566dc1a3b22ad56092846c0134", size = 1994141, upload-time = "2026-08-30T21:44:00.931Z" },
    { url = "https://files.pythonhosted.org/packages/67/da/d46da45e393937509111d4affa4db794fb064341735cfdcffe1f5f13a78a/rapidfuzz-3.14.6-cp314-cp314t-macosx_11_0_arm64.whl", hash = "sha256:9989280902b9c4ecf7de95fbb906e94df0d8c047290ed315c7aa1760cec9b3de", size = 1279969, upload-time = "2026-08-30T21:44:03.253Z" },
    { url = "https://files.pythonhosted.org/packages/4a/8a/1db5582d5c9684c57b1e292dc88d70177233b570e684fe30736140697658/rapidfuzz-3.14.6-cp314-cp314t-manylinux_2_26_aarch64.manylinux_2_28_aarch64.whl", hash = "sha256:fc166efa4ca2fc9cc52e43784a54cbea95fc0e03e533f8266ef66b1c04c7cb76", size = 1381099, upload-time = "2026-08-30T21:44:05.402Z" },
    { url = "https://files.pythonhosted.org/packages/06/9b/a9dba69d174b4436c115fcd877a67745d355a859109e0f59955c14577519/rapidfuzz-3.14.6-cp314-cp314t-manylinux_2_26_ppc64le.manylinux_2_28_ppc64le.whl", hash = "sha256:32352a3ed1aad9c097d31fd4f2eece3030169e2de3dedde7a2fadc2652b768ad", size = 1638869, upload-time = "2026-08-30T21:44:07.51Z" },
    { url = "https://files.pythonhosted.org/packages/61/34/67915218f5f84ec2cda57560d81425929b8ea97956eb31283bf95768fefc/rapidfuzz-3.14.6-cp314-cp314t-manylinux_2_26_s390x.manylinux_2_28_s390x.whl", hash = "sha256:ecb45d616002751b58914d5b7c2e66acd39e12242be12717a1258148a1b36526", size = 2687831, upload-time = "2026-08-30T21:44:09.709Z" },
    { url = "https://files.pythonhosted.org/packages/5e/80/07985e10b534dbdd48df0ddf2e42f9d27cf98dc44e09fe047fc4b38471f5/rapidfuzz-3.14.6-cp314-cp314t-manylinux_2_27_x86_64.manylinux_2_28_x86_64.whl", hash = "sha256:6f9ad513e3a3e045b60b421d5cd3887ae0a33b38fc6c6db3ea5e27c0a2e0412c", size = 3185373, upload-time = "2026-08-30T21:44:12.162Z" },
    { url = "https://files.pythonhosted.org/packages/91/09/db64291ce5f11c0f79486b435b49f5dc66680f605077cb011d282bf767b4/rapidfuzz-3.14.6-cp314-cp314t-manylinux_2_39_riscv64.whl", hash = "sha256:f35723caef8cc31b6f34209708fb172fc88bab0077c12e9b36bbb829baaf1b16", size = 1459628, upload-time = "2026-08-30T21:44:14.427Z" },
    { url = "https://files.pythonhosted.org/packages/d0/99/7eeaf6f7f42d4ec8b90db54c73f7c2a727e208b4db6fd5ea807e87133b9c/rapidfuzz-3.14.6-cp314-cp314t-musllinux_1_2_aarch64.whl", hash = "sha256:408b2e8e8c1ac71b57f0923cf964d6932539725e07b69e70ec66f22c4a403891", size = 2407348, upload-time = "2026-08-30T21:44:16.832Z" },
    { url = "https://files.pythonhosted.org/packages/19/bb/db04caff7bf26718e97592f8cc007988ef18eb088ebb0742addcb25f0819/rapidfuzz-3.14.6-cp314-cp314t-musllinux_1_2_ppc64le.whl", hash = "sha256:5667c56fdc902fa1e12449b5c042e8b1c7e9b30040db20c396fbdb3d0a750866", size = 2758630, upload-time = "2026-08-30T21:44:19.196Z" },
    { url = "https://files.pythonhosted.org/packages/3f/26/962fc396a56ec37146eb5331e55ae53d19dc564fd921f49a6d524c83ee05/rapidfuzz-3.14.6-cp314-cp314t-musllinux_1_2_riscv64.whl", hash = "sha256:76a122fc573df603deb5fb827df31bb5efbd0826b50bb7aeca8535a6e8c70cf9", size = 2494519, upload-time = "2026-08-30T21:44:21.687Z" },
    { url = "https://files.pythonhosted.org/packages/83/0f/d2067e23d9b7fb2aeb70a6b36173f0b2376635483f670aa5c47f17e55135/rapidfuzz-3.14.6-cp314-cp314t-musllinux_1_2_s390x.whl", hash = "sha256:e221366e24709b9d41d5f9cc99053b04cfc575d429e956a82cfbc4c4e9e8860a", size = 3262241, upload-time = "2026-08-30T21:44:24.218Z" },
    { url = "https://files.pythonhosted.org/packages/ce/bd/05e48e21b1dd722b41c0cb8ab8867996f6e0c0a1b46e42921ace09799b0c/rapidfuzz-3.14.6-cp314-cp314t-musllinux_1_2_x86_64.whl", hash = "sha256:36710ff214b7a8049d26a9c81d99948026593cacb47663742c4119072b651ecd", size = 4296246, upload-time = "2026-08-30T21:44:26.911Z" },
    { url = "https://files.pythonhosted.org/packages/12/ce/f4b355f05b17bdb3a56f1c5e9bd864965dbb810f93d1b5d6044ecfcbd42d/rapidfuzz-3.14.6-cp314-cp314t-win32.whl", hash = "sha256:66ece6f5e2586c742fc3e0b8487e06783d27c6c24adcdcfdd7f306afbd8b5737", size = 1977694, upload-time = "2026-08-30T21:44:29.431Z" },
    { url = "https://files.pythonhosted.org/packages/4a/15/d2c20c57b357ec4157e74a197b3f622dbda0b2a82d1fc708ed7b262758f9/rapidfuzz-3.14.6-cp314-cp314t-win_amd64.whl", hash = "sha256:cab4a932cec02d09471e2c9f1434049ef5bfe1f6e646ff10939c222dc610ad60", size = 1827262, upload-time = "2026-08-30T21:44:31.683Z" },
    { url = "https://files.pythonhosted.org/packages/15/e5/c38c19fbc1de82980e05bd3adbe1dc7f3dd0680e38e868646082317572d6/rapidfuzz-3.14.6-cp314-cp314t-win_arm64.whl", hash = "sha256:b056ce19eaea2ea70c6a6fb387a605ca2af8979de5b9d507597e8012820ddb14", size = 1245604, upload-time = "2026-08-30T21:44:34.066Z" },
    { url = "https://files.pythonhosted.org/packages/10/37/b015bf56f88e9b18b81ad462f610e70cc1145a9df39154fcbe7ddf9f8868/rapidfuzz-3.14.6-cp315-cp315-macosx_10_15_x86_64.whl", hash = "sha256:bc3d74d18543ddfbc8babe1faadb19927a7999fd0d01181cce9e721c14c36ab6", size = 1964451, upload-time = "2026-08-30T21:44:36.695Z" },
    { url = "https://files.pythonhosted.org/packages/d2/1a/7b88284d85b4f7dfdf3038263e11eb11871472aa32902c7063a5fdd7a7c5/rapidfuzz-3.14.6-cp315-cp315-macosx_11_0_arm64.whl", hash = "sha256:aaa83b633d877a05d549d2073629134998d1b3b9dbc114873d3ff4277984979f", size = 1245701, upload-time = "2026-08-30T21:44:38.841Z" },
    { url = "https://files.pythonhosted.org/packages/a7/f3/444d939f4b6c3c86f67083cb792978f3f42c28f944e66e9152e910cd212a/rapidfuzz-3.14.6-cp315-cp315-manylinux_2_26_aarch64.manylinux_2_28_aarch64.whl", hash = "sha256:cbe6a62f71fcbca72acbf5a30e53380600369f257f951d664d81d30c0c598595", size = 1382770, upload-time = "2026-08-30T21:44:40.978Z" },
    { url = "https://files.pythonhosted.org/packages/23/a8/1830f07f7d3fcc56508135f130dbd24a917ddedb71107b04b2fbb33d5da9/rapidfuzz-3.14.6-cp315-cp315-manylinux_2_27_x86_64.manylinux_2_28_x86_64.whl", hash = "sha256:b82c21c30568e096ef2a9dda7d45c379e6141694e0472dac73bc4372ce13ccee", size = 3163591, upload-time = "2026-08-30T21:44:43.513Z" },
    { url = "https://files.pythonhosted.org/packages/10/e8/da76d94af820707dcbfce224b635fb7c389c19525426c31645c97bedd601/rapidfuzz-3.14.6-cp315-cp315-manylinux_2_39_riscv64.whl", hash = "sha256:fc950bb77105a2717d03d9f9c9e21e9ace7df2b8e864dd91edef7e32fa143be2", size = 1467985, upload-time = "2026-08-30T21:44:45.871Z" },
    { url = "https://files.pythonhosted.org/packages/30/75/5cfc0d1491e3c60a8669e8e2b78942c4f395cccabfb9c73bc8b209664e29/rapidfuzz-3.14.6-cp315-cp315-musllinux_1_2_aarch64.whl", hash = "sha256:c53a269bdbd71ffbc856d3db9e609478251001ee272507578fa838bc2bd421fe", size = 2405269, upload-time = "2026-08-30T21:44:48.376Z" },
    { url = "https://files.pythonhosted.org/packages/c3/81/9c522c26cfe1909714eb840856106f1e419a44c4e0de034a3eeb873da00b/rapidfuzz-3.14.6-cp315-cp315-musllinux_1_2_riscv64.whl", hash = "sha256:bf4fb0f19c9dfce7a908c3e309753602ce3edb83bb74e9ff997e278765bf89df", size = 2507334, upload-time = "2026-08-30T21:44:50.903Z" },
    { url = "https://files.pythonhosted.org/packages/40/29/0bbd158eeddf05e5b581f89bf7c9f0cf330953579309b3806862d360a454/rapidfuzz-3.14.6-cp315-cp315-musllinux_1_2_x86_64.whl", hash = "sha256:189ce2bf14938bfa003fbbe7e6da7584ed6ebbc4c560686255dbc20e2829f470", size = 4270388, upload-time = "2026-08-30T21:44:55.271Z" },
    { url = "https://files.pythonhosted.org/packages/be/be/2b67b32988cb96b7fa9461ff3436e275716df00f7817212ed0a1c1779062/rapidfuzz-3.14.6-cp315-cp315-win32.whl", hash = "sha256:7ca0f498bf771a87557e6d8b573aa6cf3daded58ae2eaeb6973618ce3e1615ad", size = 1927539, upload-time = "2026-08-30T21:44:57.796Z" },
    { url = "https://files.pythonhosted.org/packages/51/42/640e1bd16422392fbb6394def1f7dfd4d05bd13c986016ce4b3f91295430/rapidfuzz-3.14.6-cp315-cp315-win_amd64.whl", hash = "sha256:d4c5adb921b67dd79ffc0a14f92b9f8df3d012e66aab340b154ed87014229d93", size = 1783415, upload-time = "2026-08-30T21:45:00.091Z" },
    { url = "https://files.pythonhosted.org/packages/06/ba/c6966904eb7b3d1c6344e6c29245447625d156b11e9757b29adc3cb46037/rapidfuzz-3.14.6-cp315-cp315-win_arm64.whl", hash = "sha256:c9d135fb93709d707577da8a7a8ffc7283525a5b6d0ce55aa3724be5639ed65b", size = 1221931, upload-time = "2026-08-30T21:45:02.531Z" },
    { url = "https://files.pythonhosted.org/packages/ae/97/6dd7f10756eb703e11803c5c838191c2151112f632e29f5eacb1ed1cf86c/rapidfuzz-3.14.6-cp315-cp315t-macosx_10_15_x86_64.whl", hash = "sha256:dd89abd1c4b3776c3471a817216830bd275441c8344bbda5d51a3bffe1e0fbdf", size = 1985107, upload-time = "2026-08-30T21:45:04.965Z" },
    { url = "https://files.pythonhosted.org/packages/75/4a/be587adefd9539a89cc6016bac44d222cda4c8212856759c82501fd89e4a/rapidfuzz-3.14.6-cp315-cp315t-macosx_11_0_arm64.whl", hash = "sha256:eab2d4680d7f438dbb1d484b187d59a943edea9c83f792c764a0c148a417a60a", size = 1272093, upload-time = "2026-08-30T21:45:07.304Z" },
    { url = "https://files.pythonhosted.org/packages/de/3f/982b2f1b2a16c46d4598829b6b2d7185921f146d5893630f917cb9d27542/rapidfuzz-3.14.6-cp315-cp315t-manylinux_2_26_aarch64.manylinux_2_28_aarch64.whl", hash = "sha256:8683fefdd3484d64a191b3efbc8cbe9162c3eac891fd62d0a1b70e117ffcd434", size = 1371112, upload-time = "2026-08-30T21:45:09.699Z" },
    { url = "https://files.pythonhosted.org/packages/e6/12/2a1fe61cb9f0ac0dc4166bcb016df695047e75251481a197d47aa5ce8ea5/rapidfuzz-3.14.6-cp315-cp315t-manylinux_2_27_x86_64.manylinux_2_28_x86_64.whl", hash = "sha256:2bc7af3a699371a941aac86dc8a79ac92adeb3c2add2aab02230e76068a0029e", size = 3175780, upload-time = "2026-08-30T21:45:12.266Z" },
    { url = "https://files.pythonhosted.org/packages/8d/01/abd33d0b7595643e598802a07466af388f1560d7b7cb70f442cc292f4067/rapidfuzz-3.14.6-cp315-cp315t-manylinux_2_39_riscv64.whl", hash = "sha256:40c2753e2d4dc96b25f8a25adc23ab0bb6cfd8bc8125a1753ac4b037d6ff6511", size = 1458364, upload-time = "2026-08-30T21:45:14.68Z" },
    { url = "https://files.pythonhosted.org/packages/9d/8e/efc98b0cfb540f41661f6a8bf21b67807e221102e5e8fb1585233b39a3bd/rapidfuzz-3.14.6-cp315-cp315t-musllinux_1_2_aarch64.whl", hash = "sha256:36a37ddc729c33618d89fa221d3333b9b956dc38cf15d31301e6169d962399a3", size = 2398037, upload-time = "2026-08-30T21:45:17.434Z" },
    { url = "https://files.pythonhosted.org/packages/7f/c1/4d89214a453215d897cc76cd6e13937c8ea5dc9f8217993fe2b1eeaf39a5/rapidfuzz-3.14.6-cp315-cp315t-musllinux_1_2_riscv64.whl", hash = "sha256:635f242f4bdf05d1477fa409815bd73e5f78896773ace84997bc472ffeef685f", size = 2497044, upload-time = "2026-08-30T21:45:20.328Z" },
    { url = "https://files.pythonhosted.org/packages/a9/2d/70aacf6cb577470bdd6f06890d25ecb7ee8a56baa07b114d5877a93ecedd/rapidfuzz-3.14.6-cp315-cp315t-musllinux_1_2_x86_64.whl", hash = "sha256:40d0cd9c82083aeb30bae8dee265ae571e6748d0d7b222ddd777f33d95a3b712", size = 4284741, upload-time = "2026-08-30T21:45:22.983Z" },
    { url = "https://files.pythonhosted.org/packages/92/7d/943a04a134a5d333c00d3a77169226defef5e081be9219a765afc176dda0/rapidfuzz-3.14.6-cp315-cp315t-win32.whl", hash = "sha256:15da2b258908eb38853c1a6a58a1d09d9aad9c721e03a68c8ba691cd31dff739", size = 1974478, upload-time = "2026-08-30T21:45:25.475Z" },
    { url = "https://files.pythonhosted.org/packages/21/0e/8356ca3e190e2bcced9b80e374d95b0925c4716b51e65720a55399983f41/rapidfuzz-3.14.6-cp315-cp315t-win_amd64.whl", hash = "sha256:3d502769263318690d4f6638b08483979d1b88cdc7c6f087482eea935fde4031", size = 1823286, upload-time = "2026-08-30T21:45:28.368Z" },
    { url = "https://files.pythonhosted.org/packages/fb/04/a0b0e6324b6384d1ab40feb4d16400af3b3101d38cbd15957edd9d17cbe0/rapidfuzz-3.14.6-cp315-cp315t-win_arm64.whl", hash = "sha256:07c7aa0b1e4b9999a54f9e73317d6743ff85442c8ef7b7fbbe6b190fd37d9e75", size = 1243815, upload-time = "2026-08-30T21:45:31.187Z" },
]

[[package]]
name = "requests"
version = "2.32.3"
source = { registry = "https://pypi.org/simple" }
dependencies = [
    { name = "certifi" },
    { name = "charset-normalizer" },
    { name = "idna" },
    { name = "urllib3" },
]
sdist = { url = "https://files.pythonhosted.org/packages/63/70/2bf7780ad2d390a8d301ad0b550f1581eadbd9a20f896afe06353c2a2913/requests-2.32.3.tar.gz", hash = "sha256:55365417734eb18255590a9ff9eb97e9e1da868d4ccd6402399eaf68af20a760", size = 131218, upload-time = "2024-05-29T15:37:49.536Z" }
wheels = [
    { url = "https://files.pythonhosted.org/packages/f9/9b/335f9764261e915ed497fcdeb11df5dfd6f7bf257d4a6a2a686d80da4d54/requests-2.32.3-py3-none-any.whl", hash = "sha256:70761cfe03c773ceb22aa2f671b4757976145175cdfca038c02654d061d6dcc6", size = 64928, upload-time = "2024-05-29T15:37:47.027Z" },
]

[[package]]
name = "thefuzz"
version = "0.22.1"
source = { registry = "https://pypi.org/simple" }
dependencies = [
    { name = "rapidfuzz" },
]
sdist = { url = "https://files.pythonhosted.org/packages/81/4b/d3eb25831590d6d7d38c2f2e3561d3ba41d490dc89cd91d9e65e7c812508/thefuzz-0.22.1.tar.gz", hash = "sha256:7138039a7ecf540da323792d8592ef9902b1d79eb78c147d4f20664de79f3680", size = 19993, upload-time = "2024-01-19T19:18:23.135Z" }
wheels = [
    { url = "https://files.pythonhosted.org/packages/82/4f/1695e70ceb3604f19eda9908e289c687ea81c4fecef4d90a9d1d0f2f7ae9/thefuzz-0.22.1-py3-none-any.whl", hash = "sha256:59729b33556850b90e1093c4cf9e618af6f2e4c985df193fdf3c5b5cf02ca481", size = 8245, upload-time = "2024-01-19T19:18:20.362Z" },
]

[[package]]
name = "tqdm"
version = "4.67.1"
source = { registry = "https://pypi.org/simple" }
dependencies = [
    { name = "colorama", marker = "sys_platform == 'win32'" },
]
sdist = { url = "https://files.pythonhosted.org/packages/a8/4b/29b4ef32e036bb34e4ab51796dd745cdba7ed47ad142a9f4a1eb8e0c744d/tqdm-4.67.1.tar.gz", hash = "sha256:f8aef9c52c08c13a65f30ea34f4e5aac3fd1a34959879d7e59e63027286627f2", size = 169737, upload-time = "2024-11-24T20:12:22.481Z" }
wheels = [
    { url = "https://files.pythonhosted.org/packages/d0/30/dc54f88dd4a2b5dc8a0279bdd7270e735851848b762aeb1c1184ed1f6b14/tqdm-4.67.1-py3-none-any.whl", hash = "sha256:26445eca388f82e72884e0d580d5464cd801a3ea01e63e5601bdff9ba6a48de2", size = 78540, upload-time = "2024-11-24T20:12:19.698Z" },
]

[[package]]
name = "urllib3"
version = "2.2.3"
source = { registry = "https://pypi.org/simple" }
sdist = { url = "https://files.pythonhosted.org/packages/ed/63/22ba4ebfe7430b76388e7cd448d5478814d3032121827c12a2cc287e2260/urllib3-2.2.3.tar.gz", hash = "sha256:e7d814a81dad81e6caf2ec9fdedb284ecc9c73076b62654547cc64ccdcae26e9", size = 300677, upload-time = "2024-09-12T10:52:18.401Z" }
wheels = [
    { url = "https://files.pythonhosted.org/packages/ce/d9/5f4c13cecde62396b0d3fe530a50ccea91e7dfc1ccf0e09c228841bb5ba8/urllib3-2.2.3-py3-none-any.whl", hash = "sha256:ca899ca043dcb1bafa3e262d73aa25c465bfb49e0bd9dd5d59f1d0acba2f8fac", size = 126338, upload-time = "2024-09-12T10:52:16.589Z" },
]
